dependencies:
  atanisoft/esp_lcd_ili9488:
    component_hash: 7d649c3d78204fe27d398775c2f26362b010a13fb34580aedeed6e77e8d2074a
    dependencies:
    - name: idf
      require: private
      version: '>=4.4.2'
    source:
      registry_url: https://components.espressif.com/
      type: service
    version: 1.0.11
  espressif/esp-dsp:
    component_hash: ccfd6c9a7799cf66ee044d0239a0e9304431564495d80b3230083c58291a2a23
    dependencies:
    - name: idf
      require: private
      version: '>=4.2'
    source:
      registry_url: https://components.espressif.com/
      type: service
    version: 1.6.4
  espressif/esp-nn:
    component_hash: 5d99b2991c109211ea5722bae481bbe243dc7e064d9ffd9e5dfa58aba7be9d88
    dependencies:
    - name: idf
      require: private
      version: '>=4.2'
    source:
      registry_url: https://components.espressif.com
      type: service
    version: 1.1.1
  espressif/esp-tflite-micro:
    component_hash: 78502e833b227ec15b917222ed046df1a46f2e5d3593d2a77a162012fa9a1aa0
    dependencies:
    - name: espressif/esp-nn
      registry_url: https://components.espressif.com
      require: private
      version: ^1.1.0
    - name: idf
      require: private
      version: '>=4.4'
    source:
      registry_url: https://components.espressif.com/
      type: service
    version: 1.3.3~1
  idf:
    source:
      type: idf
    version: 5.4.1
  lvgl/lvgl:
    component_hash: d7c1ac037ae6e85d94897f807d6e7ba0946a83e720074fc95a4f6241da9f9f53
    dependencies: []
    source:
      registry_url: https://components.espressif.com/
      type: service
    version: 8.4.0
direct_dependencies:
- atanisoft/esp_lcd_ili9488
- espressif/esp-dsp
- espressif/esp-tflite-micro
- idf
- lvgl/lvgl
manifest_hash: 7d2ae133048f71ce6e2f64fb5e814355763adbbb0721131f65bec24c0d39801a
target: esp32s3
version: 2.0.0
